{
  "name": "@fiai21s9od/drop-downmenu",
  "version": "1.0.0",
  "lockfileVersion": 2,
  "requires": true,
  "packages": {
    "": {
      "name": "@fiai21s9od/drop-downmenu",
      "version": "1.0.0",
      "license": "ISC",
      "dependencies": {
        "drop-downmenu": "github:yhbe/Drop-downMenu"
      }
    },
    "node_modules/drop-downmenu": {
      "version": "1.0.0",
      "resolved": "git+ssh://git@github.com/yhbe/Drop-downMenu.git#ef9e9850d10336271617fdd48ae4b64332b2b6c1",
      "license": "ISC"
    }
  },
  "dependencies": {
    "drop-downmenu": {
      "version": "git+ssh://git@github.com/yhbe/Drop-downMenu.git#ef9e9850d10336271617fdd48ae4b64332b2b6c1",
      "from": "drop-downmenu@github:yhbe/Drop-downMenu"
    }
  }
}
